
Microsoft Visual Studio Solution File, Format Version 11.00
# Visual Studio 2010
Project("{FAE04EC0-301F-11D3-BF4B-00C04F79EFBC}") = "ClickTopInterface", "ClickTopInterface\ClickTopInterface.csproj", "{AE8526F5-EAA7-46E6-ACD9-4A7140DDB0B0}"
EndProject
Project("{FAE04EC0-301F-11D3-BF4B-00C04F79EFBC}") = "ClickTopDTO", "ClickTopDTO\ClickTopDTO.csproj", "{7836638C-9EDD-4014-B4FF-433663DDBCE4}"
EndProject
Project("{FAE04EC0-301F-11D3-BF4B-00C04F79EFBC}") = "ClickTopFacade", "ClickTopFacade\ClickTopFacade.csproj", "{B521BDB7-16B1-4649-AD4B-886EFAB658A4}"
EndProject
Project("{FAE04EC0-301F-11D3-BF4B-00C04F79EFBC}") = "ClickTopEntidade", "ClickTopEntidade\ClickTopEntidade.csproj", "{FA974748-FD88-403F-8234-C0FAB1C152CF}"
EndProject
Global
	GlobalSection(SolutionConfigurationPlatforms) = preSolution
		Debug|Any CPU = Debug|Any CPU
		Release|Any CPU = Release|Any CPU
	EndGlobalSection
	GlobalSection(ProjectConfigurationPlatforms) = postSolution
		{AE8526F5-EAA7-46E6-ACD9-4A7140DDB0B0}.Debug|Any CPU.ActiveCfg = Debug|Any CPU
		{AE8526F5-EAA7-46E6-ACD9-4A7140DDB0B0}.Debug|Any CPU.Build.0 = Debug|Any CPU
		{AE8526F5-EAA7-46E6-ACD9-4A7140DDB0B0}.Release|Any CPU.ActiveCfg = Release|Any CPU
		{AE8526F5-EAA7-46E6-ACD9-4A7140DDB0B0}.Release|Any CPU.Build.0 = Release|Any CPU
		{7836638C-9EDD-4014-B4FF-433663DDBCE4}.Debug|Any CPU.ActiveCfg = Debug|Any CPU
		{7836638C-9EDD-4014-B4FF-433663DDBCE4}.Debug|Any CPU.Build.0 = Debug|Any CPU
		{7836638C-9EDD-4014-B4FF-433663DDBCE4}.Release|Any CPU.ActiveCfg = Release|Any CPU
		{7836638C-9EDD-4014-B4FF-433663DDBCE4}.Release|Any CPU.Build.0 = Release|Any CPU
		{B521BDB7-16B1-4649-AD4B-886EFAB658A4}.Debug|Any CPU.ActiveCfg = Debug|Any CPU
		{B521BDB7-16B1-4649-AD4B-886EFAB658A4}.Debug|Any CPU.Build.0 = Debug|Any CPU
		{B521BDB7-16B1-4649-AD4B-886EFAB658A4}.Release|Any CPU.ActiveCfg = Release|Any CPU
		{B521BDB7-16B1-4649-AD4B-886EFAB658A4}.Release|Any CPU.Build.0 = Release|Any CPU
		{FA974748-FD88-403F-8234-C0FAB1C152CF}.Debug|Any CPU.ActiveCfg = Debug|Any CPU
		{FA974748-FD88-403F-8234-C0FAB1C152CF}.Debug|Any CPU.Build.0 = Debug|Any CPU
		{FA974748-FD88-403F-8234-C0FAB1C152CF}.Release|Any CPU.ActiveCfg = Release|Any CPU
		{FA974748-FD88-403F-8234-C0FAB1C152CF}.Release|Any CPU.Build.0 = Release|Any CPU
	EndGlobalSection
	GlobalSection(SolutionProperties) = preSolution
		HideSolutionNode = FALSE
	EndGlobalSection
EndGlobal
