
Microsoft Visual Studio Solution File, Format Version 11.00
# Visual Studio 2010
Project("{FAE04EC0-301F-11D3-BF4B-00C04F79EFBC}") = "SiteEmContrucao", "SiteEmContrucao\SiteEmContrucao.csproj", "{858B4849-A63B-4703-9304-9B056CEA478A}"
EndProject
Global
	GlobalSection(SolutionConfigurationPlatforms) = preSolution
		Debug|Any CPU = Debug|Any CPU
		Release|Any CPU = Release|Any CPU
	EndGlobalSection
	GlobalSection(ProjectConfigurationPlatforms) = postSolution
		{858B4849-A63B-4703-9304-9B056CEA478A}.Debug|Any CPU.ActiveCfg = Debug|Any CPU
		{858B4849-A63B-4703-9304-9B056CEA478A}.Debug|Any CPU.Build.0 = Debug|Any CPU
		{858B4849-A63B-4703-9304-9B056CEA478A}.Release|Any CPU.ActiveCfg = Release|Any CPU
		{858B4849-A63B-4703-9304-9B056CEA478A}.Release|Any CPU.Build.0 = Release|Any CPU
	EndGlobalSection
	GlobalSection(SolutionProperties) = preSolution
		HideSolutionNode = FALSE
	EndGlobalSection
EndGlobal
